{
    "_readme": [
        "This file locks the dependencies of your project to a known state",
        "Read more about it at https://getcomposer.org/doc/01-basic-usage.md#installing-dependencies",
        "This file is @generated automatically"
    ],
    "content-hash": "d1efc128e91f8e7b7a81cabf513eceb5",
    "packages": [
        {
            "name": "uqpay/uqpay_php",
            "version": "v3.0.4",
            "source": {
                "type": "git",
                "url": "https://github.com/uqpaytechnology/uqpay-php.git",
                "reference": "a9252c74f8a8f4be3af84af1c8e0a42ed696c6d2"
            },
            "dist": {
                "type": "zip",
                "url": "https://api.github.com/repos/uqpaytechnology/uqpay-php/zipball/a9252c74f8a8f4be3af84af1c8e0a42ed696c6d2",
                "reference": "a9252c74f8a8f4be3af84af1c8e0a42ed696c6d2",
                "shasum": ""
            },
            "require": {
                "ext-curl": "*",
                "ext-json": "*",
                "ext-openssl": "*",
                "php": ">=5.6"
            },
            "type": "library",
            "autoload": {
                "psr-4": {
                    "uqpay\\payment\\": "lib/UQPay"
                }
            },
            "notification-url": "https://packagist.org/downloads/",
            "license": [
                "MIT"
            ],
            "authors": [
                {
                    "name": "uqpay",
                    "email": "zw@uqpay.com"
                }
            ],
            "description": "UQPay Gateway PHP Server Library",
            "homepage": "https://developer.uqpay.com/api/#/",
            "keywords": [
                "payment",
                "uqpay"
            ],
            "time": "2019-09-10T10:31:36+00:00"
        }
    ],
    "packages-dev": [],
    "aliases": [],
    "minimum-stability": "stable",
    "stability-flags": [],
    "prefer-stable": false,
    "prefer-lowest": false,
    "platform": {
        "php": ">=5.6",
        "ext-curl": "*"
    },
    "platform-dev": []
}
