{
    "_readme": [
        "This file locks the dependencies of your project to a known state",
        "Read more about it at https://getcomposer.org/doc/01-basic-usage.md#installing-dependencies",
        "This file is @generated automatically"
    ],
    "content-hash": "6e25c35de3ea20eb6c7a0bd4cb2a774f",
    "packages": [
        {
            "name": "uqpay/uqpay_php",
            "version": "v3.2.2",
            "source": {
                "type": "git",
                "url": "https://github.com/uqpaytechnology/uqpay-php.git",
                "reference": "c5f256153ff9bea7e5da0624ae2161311148833e"
            },
            "dist": {
                "type": "zip",
                "url": "https://api.github.com/repos/uqpaytechnology/uqpay-php/zipball/c5f256153ff9bea7e5da0624ae2161311148833e",
                "reference": "c5f256153ff9bea7e5da0624ae2161311148833e",
                "shasum": ""
            },
            "require": {
                "ext-curl": "*",
                "ext-json": "*",
                "ext-openssl": "*",
                "php": ">=5.6"
            },
            "type": "library",
            "autoload": {
                "psr-4": {
                    "uqpay\\payment\\": "lib/UQPay"
                }
            },
            "notification-url": "https://packagist.org/downloads/",
            "license": [
                "MIT"
            ],
            "authors": [
                {
                    "name": "uqpay",
                    "email": "zw@uqpay.com"
                }
            ],
            "description": "UQPay Gateway PHP Server Library",
            "homepage": "https://developer.uqpay.com/api/#/",
            "keywords": [
                "payment",
                "uqpay"
            ],
            "time": "2020-04-02T10:23:13+00:00"
        }
    ],
    "packages-dev": [],
    "aliases": [],
    "minimum-stability": "stable",
    "stability-flags": [],
    "prefer-stable": false,
    "prefer-lowest": false,
    "platform": {
        "php": ">=5.6",
        "ext-curl": "*"
    },
    "platform-dev": []
}
