{
    "_readme": [
        "This file locks the dependencies of your project to a known state",
        "Read more about it at https://getcomposer.org/doc/01-basic-usage.md#installing-dependencies",
        "This file is @generated automatically"
    ],
    "content-hash": "f74fbc306a5ed0547b484f5f8fd8e94b",
    "packages": [
        {
            "name": "uqpay/uqpay_php",
            "version": "v3.1.0",
            "source": {
                "type": "git",
                "url": "https://github.com/uqpaytechnology/uqpay-php.git",
                "reference": "45aafb908cc23e6c2139ec1fd2fe0d97aafc25cc"
            },
            "dist": {
                "type": "zip",
                "url": "https://api.github.com/repos/uqpaytechnology/uqpay-php/zipball/45aafb908cc23e6c2139ec1fd2fe0d97aafc25cc",
                "reference": "45aafb908cc23e6c2139ec1fd2fe0d97aafc25cc",
                "shasum": ""
            },
            "require": {
                "ext-curl": "*",
                "ext-json": "*",
                "ext-openssl": "*",
                "php": ">=5.6"
            },
            "type": "library",
            "autoload": {
                "psr-4": {
                    "uqpay\\payment\\": "lib/UQPay"
                }
            },
            "notification-url": "https://packagist.org/downloads/",
            "license": [
                "MIT"
            ],
            "authors": [
                {
                    "name": "uqpay",
                    "email": "zw@uqpay.com"
                }
            ],
            "description": "UQPay Gateway PHP Server Library",
            "homepage": "https://developer.uqpay.com/api/#/",
            "keywords": [
                "payment",
                "uqpay"
            ],
            "time": "2019-10-25T09:17:55+00:00"
        }
    ],
    "packages-dev": [],
    "aliases": [],
    "minimum-stability": "stable",
    "stability-flags": [],
    "prefer-stable": false,
    "prefer-lowest": false,
    "platform": {
        "php": ">=5.6",
        "ext-curl": "*"
    },
    "platform-dev": []
}
